
Microsoft Visual Studio Solution File, Format Version 12.00
# Visual Studio 15
VisualStudioVersion = 15.0.28307.1000
MinimumVisualStudioVersion = 10.0.40219.1
Project("{FAE04EC0-301F-11D3-BF4B-00C04F79EFBC}") = "Application", "Application\Application.csproj", "{A9A061CC-8997-4765-8BF4-5C6D4FE8DC23}"
EndProject
Project("{FAE04EC0-301F-11D3-BF4B-00C04F79EFBC}") = "Domain", "Domain\Domain.csproj", "{89EC21AA-D6B5-4580-B68E-C8AA14CB14D3}"
EndProject
Project("{FAE04EC0-301F-11D3-BF4B-00C04F79EFBC}") = "Infrastructure", "Infrastructure\Infrastructure.csproj", "{FF0DB7EC-52F2-4F6C-92B5-FD6A177E6AA5}"
EndProject
Project("{FAE04EC0-301F-11D3-BF4B-00C04F79EFBC}") = "UnitTests", "UnitTests\UnitTests.csproj", "{23571DE0-B591-476B-91F4-00BE42DE8E6F}"
EndProject
Global
	GlobalSection(SolutionConfigurationPlatforms) = preSolution
		Debug|Any CPU = Debug|Any CPU
		Release|Any CPU = Release|Any CPU
	EndGlobalSection
	GlobalSection(ProjectConfigurationPlatforms) = postSolution
		{A9A061CC-8997-4765-8BF4-5C6D4FE8DC23}.Debug|Any CPU.ActiveCfg = Debug|Any CPU
		{A9A061CC-8997-4765-8BF4-5C6D4FE8DC23}.Debug|Any CPU.Build.0 = Debug|Any CPU
		{A9A061CC-8997-4765-8BF4-5C6D4FE8DC23}.Release|Any CPU.ActiveCfg = Release|Any CPU
		{A9A061CC-8997-4765-8BF4-5C6D4FE8DC23}.Release|Any CPU.Build.0 = Release|Any CPU
		{89EC21AA-D6B5-4580-B68E-C8AA14CB14D3}.Debug|Any CPU.ActiveCfg = Debug|Any CPU
		{89EC21AA-D6B5-4580-B68E-C8AA14CB14D3}.Debug|Any CPU.Build.0 = Debug|Any CPU
		{89EC21AA-D6B5-4580-B68E-C8AA14CB14D3}.Release|Any CPU.ActiveCfg = Release|Any CPU
		{89EC21AA-D6B5-4580-B68E-C8AA14CB14D3}.Release|Any CPU.Build.0 = Release|Any CPU
		{FF0DB7EC-52F2-4F6C-92B5-FD6A177E6AA5}.Debug|Any CPU.ActiveCfg = Debug|Any CPU
		{FF0DB7EC-52F2-4F6C-92B5-FD6A177E6AA5}.Debug|Any CPU.Build.0 = Debug|Any CPU
		{FF0DB7EC-52F2-4F6C-92B5-FD6A177E6AA5}.Release|Any CPU.ActiveCfg = Release|Any CPU
		{FF0DB7EC-52F2-4F6C-92B5-FD6A177E6AA5}.Release|Any CPU.Build.0 = Release|Any CPU
		{23571DE0-B591-476B-91F4-00BE42DE8E6F}.Debug|Any CPU.ActiveCfg = Debug|Any CPU
		{23571DE0-B591-476B-91F4-00BE42DE8E6F}.Debug|Any CPU.Build.0 = Debug|Any CPU
		{23571DE0-B591-476B-91F4-00BE42DE8E6F}.Release|Any CPU.ActiveCfg = Release|Any CPU
		{23571DE0-B591-476B-91F4-00BE42DE8E6F}.Release|Any CPU.Build.0 = Release|Any CPU
	EndGlobalSection
	GlobalSection(SolutionProperties) = preSolution
		HideSolutionNode = FALSE
	EndGlobalSection
	GlobalSection(ExtensibilityGlobals) = postSolution
		SolutionGuid = {BD062914-A131-4346-AD4C-E46010BEDC2F}
	EndGlobalSection
EndGlobal
